
Microsoft Visual Studio Solution File, Format Version 12.00
# Visual Studio Version 17
VisualStudioVersion = 17.0.32126.317
MinimumVisualStudioVersion = 10.0.40219.1
Project("{9A19103F-16F7-4668-BE54-9A1E7A4F7556}") = "IdentityServer", "src\IdentityServer\IdentityServer.csproj", "{45ADEB1C-484F-4EBA-8B19-9A1FB6C84566}"
EndProject
Project("{9A19103F-16F7-4668-BE54-9A1E7A4F7556}") = "Api", "src\Api\Api.csproj", "{EF652B65-16E2-485C-AD35-26212687A7D5}"
EndProject
Project("{9A19103F-16F7-4668-BE54-9A1E7A4F7556}") = "Client", "src\Client\Client.csproj", "{397BD00E-F626-4A35-B766-FF0037E9A47E}"
EndProject
Global
	GlobalSection(SolutionConfigurationPlatforms) = preSolution
		Debug|Any CPU = Debug|Any CPU
		Release|Any CPU = Release|Any CPU
	EndGlobalSection
	GlobalSection(ProjectConfigurationPlatforms) = postSolution
		{45ADEB1C-484F-4EBA-8B19-9A1FB6C84566}.Debug|Any CPU.ActiveCfg = Debug|Any CPU
		{45ADEB1C-484F-4EBA-8B19-9A1FB6C84566}.Debug|Any CPU.Build.0 = Debug|Any CPU
		{45ADEB1C-484F-4EBA-8B19-9A1FB6C84566}.Release|Any CPU.ActiveCfg = Release|Any CPU
		{45ADEB1C-484F-4EBA-8B19-9A1FB6C84566}.Release|Any CPU.Build.0 = Release|Any CPU
		{EF652B65-16E2-485C-AD35-26212687A7D5}.Debug|Any CPU.ActiveCfg = Debug|Any CPU
		{EF652B65-16E2-485C-AD35-26212687A7D5}.Debug|Any CPU.Build.0 = Debug|Any CPU
		{EF652B65-16E2-485C-AD35-26212687A7D5}.Release|Any CPU.ActiveCfg = Release|Any CPU
		{EF652B65-16E2-485C-AD35-26212687A7D5}.Release|Any CPU.Build.0 = Release|Any CPU
		{397BD00E-F626-4A35-B766-FF0037E9A47E}.Debug|Any CPU.ActiveCfg = Debug|Any CPU
		{397BD00E-F626-4A35-B766-FF0037E9A47E}.Debug|Any CPU.Build.0 = Debug|Any CPU
		{397BD00E-F626-4A35-B766-FF0037E9A47E}.Release|Any CPU.ActiveCfg = Release|Any CPU
		{397BD00E-F626-4A35-B766-FF0037E9A47E}.Release|Any CPU.Build.0 = Release|Any CPU
	EndGlobalSection
	GlobalSection(SolutionProperties) = preSolution
		HideSolutionNode = FALSE
	EndGlobalSection
	GlobalSection(ExtensibilityGlobals) = postSolution
		SolutionGuid = {DCD21D63-84A8-452C-AF44-6C0569CAE6F9}
	EndGlobalSection
EndGlobal
